
Microsoft Visual Studio Solution File, Format Version 12.00
# Visual Studio Version 16
VisualStudioVersion = 16.0.33927.289
MinimumVisualStudioVersion = 10.0.40219.1
Project("{2150E333-8FDC-42A3-9474-1A3956D46DE8}") = "Task0", "Task0", "{2D464A95-FC20-4C84-A87E-D1CC89AA0A66}"
EndProject
Project("{FAE04EC0-301F-11D3-BF4B-00C04F79EFBC}") = "Tyuiu.SugrovskiyNI.Sprint5.Task0.V22", "Tyuiu.SugrovskiyNI.Sprint5.Task0.V22\Tyuiu.SugrovskiyNI.Sprint5.Task0.V22.csproj", "{D8F9B7E3-9FA4-4807-8732-9E804C0EF1FF}"
EndProject
Project("{FAE04EC0-301F-11D3-BF4B-00C04F79EFBC}") = "Tyuiu.SugrovskiyNI.Sprint5.Task0.V22.Lib", "Tyuiu.SugrovskiyNI.Sprint5.Task0.V22.Lib\Tyuiu.SugrovskiyNI.Sprint5.Task0.V22.Lib.csproj", "{27E60013-5247-4E72-A499-A294AB886E08}"
EndProject
Project("{FAE04EC0-301F-11D3-BF4B-00C04F79EFBC}") = "Tyuiu.SugrovskiyNI.Sprint5.Task0.V22.Test", "Tyuiu.SugrovskiyNI.Sprint5.Task0.V22.Test\Tyuiu.SugrovskiyNI.Sprint5.Task0.V22.Test.csproj", "{6618C3B7-F297-498C-9D06-A82E36DE08A2}"
EndProject
Project("{2150E333-8FDC-42A3-9474-1A3956D46DE8}") = "NewFolder1", "NewFolder1", "{0AA8A04A-26BB-4617-80EC-2267FDDE9499}"
EndProject
Project("{FAE04EC0-301F-11D3-BF4B-00C04F79EFBC}") = "ConsoleApp1", "ConsoleApp1\ConsoleApp1.csproj", "{42A1C307-EF2E-40C7-9C0C-F924450CFD62}"
EndProject
Project("{2150E333-8FDC-42A3-9474-1A3956D46DE8}") = "Task1", "Task1", "{1A968A4E-C133-45E2-A097-9941C1D99D1A}"
EndProject
Project("{FAE04EC0-301F-11D3-BF4B-00C04F79EFBC}") = "Tyuiu.SugrovskiyNI.Sprint5.Task1.V13", "Tyuiu.SugrovskiyNI.Sprint5.Task1.V13\Tyuiu.SugrovskiyNI.Sprint5.Task1.V13.csproj", "{C693E431-005D-4871-9121-D099D120167E}"
EndProject
Project("{FAE04EC0-301F-11D3-BF4B-00C04F79EFBC}") = "Tyuiu.SugrovskiyNI.Sprint5.Task1.V13.Lib", "Tyuiu.SugrovskiyNI.Sprint5.Task1.V13.Lib\Tyuiu.SugrovskiyNI.Sprint5.Task1.V13.Lib.csproj", "{7319F5EA-4E28-4207-AC08-68404D82B717}"
EndProject
Project("{FAE04EC0-301F-11D3-BF4B-00C04F79EFBC}") = "Tyuiu.SugrovskiyNI.Sprint5.Task1.V13.Test", "Tyuiu.SugrovskiyNI.Sprint5.Task1.V13.Test\Tyuiu.SugrovskiyNI.Sprint5.Task1.V13.Test.csproj", "{6C7D2396-6E3F-4E8B-8AB7-22C24964A605}"
EndProject
Project("{2150E333-8FDC-42A3-9474-1A3956D46DE8}") = "Task2", "Task2", "{3D2FAAA2-0ABE-4469-AE2E-453A28B768A8}"
EndProject
Project("{FAE04EC0-301F-11D3-BF4B-00C04F79EFBC}") = "Tyuiu.SugrovskiyNI.Sprint5.Task2.V17", "Tyuiu.SugrovskiyNI.Sprint5.Task2.V17\Tyuiu.SugrovskiyNI.Sprint5.Task2.V17.csproj", "{20A28063-514F-45A1-B7C9-FD039FC708F1}"
EndProject
Project("{FAE04EC0-301F-11D3-BF4B-00C04F79EFBC}") = "Tyuiu.SugrovskiyNI.Sprint5.Task2.V17.Lib", "Tyuiu.SugrovskiyNI.Sprint5.Task2.V17.Lib\Tyuiu.SugrovskiyNI.Sprint5.Task2.V17.Lib.csproj", "{18356781-732D-43B4-A356-007C466D1E68}"
EndProject
Project("{FAE04EC0-301F-11D3-BF4B-00C04F79EFBC}") = "Tyuiu.SugrovskiyNI.Sprint5.Task2.V17.Test", "Tyuiu.SugrovskiyNI.Sprint5.Task2.V17.Test\Tyuiu.SugrovskiyNI.Sprint5.Task2.V17.Test.csproj", "{FD808A7E-E2A5-47C1-BDA9-7AE2AE12E0F2}"
EndProject
Project("{2150E333-8FDC-42A3-9474-1A3956D46DE8}") = "Task3", "Task3", "{7D296771-7553-4AD8-9A83-586A3CB1C657}"
EndProject
Project("{FAE04EC0-301F-11D3-BF4B-00C04F79EFBC}") = "Tyuiu.SugrovskiyNI.Sprint5.Task3.V22", "Tyuiu.SugrovskiyNI.Sprint5.Task3.V22\Tyuiu.SugrovskiyNI.Sprint5.Task3.V22.csproj", "{AC0BF570-087D-4E47-9ED9-AB8D46183228}"
EndProject
Project("{FAE04EC0-301F-11D3-BF4B-00C04F79EFBC}") = "Tyuiu.SugrovskiyNI.Sprint5.Task3.V22.Lib", "Tyuiu.SugrovskiyNI.Sprint5.Task3.V22.Lib\Tyuiu.SugrovskiyNI.Sprint5.Task3.V22.Lib.csproj", "{C793C991-E8AD-4417-A31A-63B0A718EE82}"
EndProject
Project("{FAE04EC0-301F-11D3-BF4B-00C04F79EFBC}") = "Tyuiu.SugrovskiyNI.Sprint5.Task3.V22.Test", "Tyuiu.SugrovskiyNI.Sprint5.Task3.V22.Test\Tyuiu.SugrovskiyNI.Sprint5.Task3.V22.Test.csproj", "{A82718F2-684F-4844-81AA-9D4F111934EA}"
EndProject
Global
	GlobalSection(SolutionConfigurationPlatforms) = preSolution
		Debug|Any CPU = Debug|Any CPU
		Release|Any CPU = Release|Any CPU
	EndGlobalSection
	GlobalSection(ProjectConfigurationPlatforms) = postSolution
		{D8F9B7E3-9FA4-4807-8732-9E804C0EF1FF}.Debug|Any CPU.ActiveCfg = Debug|Any CPU
		{D8F9B7E3-9FA4-4807-8732-9E804C0EF1FF}.Debug|Any CPU.Build.0 = Debug|Any CPU
		{D8F9B7E3-9FA4-4807-8732-9E804C0EF1FF}.Release|Any CPU.ActiveCfg = Release|Any CPU
		{D8F9B7E3-9FA4-4807-8732-9E804C0EF1FF}.Release|Any CPU.Build.0 = Release|Any CPU
		{27E60013-5247-4E72-A499-A294AB886E08}.Debug|Any CPU.ActiveCfg = Debug|Any CPU
		{27E60013-5247-4E72-A499-A294AB886E08}.Debug|Any CPU.Build.0 = Debug|Any CPU
		{27E60013-5247-4E72-A499-A294AB886E08}.Release|Any CPU.ActiveCfg = Release|Any CPU
		{27E60013-5247-4E72-A499-A294AB886E08}.Release|Any CPU.Build.0 = Release|Any CPU
		{6618C3B7-F297-498C-9D06-A82E36DE08A2}.Debug|Any CPU.ActiveCfg = Debug|Any CPU
		{6618C3B7-F297-498C-9D06-A82E36DE08A2}.Debug|Any CPU.Build.0 = Debug|Any CPU
		{6618C3B7-F297-498C-9D06-A82E36DE08A2}.Release|Any CPU.ActiveCfg = Release|Any CPU
		{6618C3B7-F297-498C-9D06-A82E36DE08A2}.Release|Any CPU.Build.0 = Release|Any CPU
		{42A1C307-EF2E-40C7-9C0C-F924450CFD62}.Debug|Any CPU.ActiveCfg = Debug|Any CPU
		{42A1C307-EF2E-40C7-9C0C-F924450CFD62}.Debug|Any CPU.Build.0 = Debug|Any CPU
		{42A1C307-EF2E-40C7-9C0C-F924450CFD62}.Release|Any CPU.ActiveCfg = Release|Any CPU
		{42A1C307-EF2E-40C7-9C0C-F924450CFD62}.Release|Any CPU.Build.0 = Release|Any CPU
		{C693E431-005D-4871-9121-D099D120167E}.Debug|Any CPU.ActiveCfg = Debug|Any CPU
		{C693E431-005D-4871-9121-D099D120167E}.Debug|Any CPU.Build.0 = Debug|Any CPU
		{C693E431-005D-4871-9121-D099D120167E}.Release|Any CPU.ActiveCfg = Release|Any CPU
		{C693E431-005D-4871-9121-D099D120167E}.Release|Any CPU.Build.0 = Release|Any CPU
		{7319F5EA-4E28-4207-AC08-68404D82B717}.Debug|Any CPU.ActiveCfg = Debug|Any CPU
		{7319F5EA-4E28-4207-AC08-68404D82B717}.Debug|Any CPU.Build.0 = Debug|Any CPU
		{7319F5EA-4E28-4207-AC08-68404D82B717}.Release|Any CPU.ActiveCfg = Release|Any CPU
		{7319F5EA-4E28-4207-AC08-68404D82B717}.Release|Any CPU.Build.0 = Release|Any CPU
		{6C7D2396-6E3F-4E8B-8AB7-22C24964A605}.Debug|Any CPU.ActiveCfg = Debug|Any CPU
		{6C7D2396-6E3F-4E8B-8AB7-22C24964A605}.Debug|Any CPU.Build.0 = Debug|Any CPU
		{6C7D2396-6E3F-4E8B-8AB7-22C24964A605}.Release|Any CPU.ActiveCfg = Release|Any CPU
		{6C7D2396-6E3F-4E8B-8AB7-22C24964A605}.Release|Any CPU.Build.0 = Release|Any CPU
		{20A28063-514F-45A1-B7C9-FD039FC708F1}.Debug|Any CPU.ActiveCfg = Debug|Any CPU
		{20A28063-514F-45A1-B7C9-FD039FC708F1}.Debug|Any CPU.Build.0 = Debug|Any CPU
		{20A28063-514F-45A1-B7C9-FD039FC708F1}.Release|Any CPU.ActiveCfg = Release|Any CPU
		{20A28063-514F-45A1-B7C9-FD039FC708F1}.Release|Any CPU.Build.0 = Release|Any CPU
		{18356781-732D-43B4-A356-007C466D1E68}.Debug|Any CPU.ActiveCfg = Debug|Any CPU
		{18356781-732D-43B4-A356-007C466D1E68}.Debug|Any CPU.Build.0 = Debug|Any CPU
		{18356781-732D-43B4-A356-007C466D1E68}.Release|Any CPU.ActiveCfg = Release|Any CPU
		{18356781-732D-43B4-A356-007C466D1E68}.Release|Any CPU.Build.0 = Release|Any CPU
		{FD808A7E-E2A5-47C1-BDA9-7AE2AE12E0F2}.Debug|Any CPU.ActiveCfg = Debug|Any CPU
		{FD808A7E-E2A5-47C1-BDA9-7AE2AE12E0F2}.Debug|Any CPU.Build.0 = Debug|Any CPU
		{FD808A7E-E2A5-47C1-BDA9-7AE2AE12E0F2}.Release|Any CPU.ActiveCfg = Release|Any CPU
		{FD808A7E-E2A5-47C1-BDA9-7AE2AE12E0F2}.Release|Any CPU.Build.0 = Release|Any CPU
		{AC0BF570-087D-4E47-9ED9-AB8D46183228}.Debug|Any CPU.ActiveCfg = Debug|Any CPU
		{AC0BF570-087D-4E47-9ED9-AB8D46183228}.Debug|Any CPU.Build.0 = Debug|Any CPU
		{AC0BF570-087D-4E47-9ED9-AB8D46183228}.Release|Any CPU.ActiveCfg = Release|Any CPU
		{AC0BF570-087D-4E47-9ED9-AB8D46183228}.Release|Any CPU.Build.0 = Release|Any CPU
		{C793C991-E8AD-4417-A31A-63B0A718EE82}.Debug|Any CPU.ActiveCfg = Debug|Any CPU
		{C793C991-E8AD-4417-A31A-63B0A718EE82}.Debug|Any CPU.Build.0 = Debug|Any CPU
		{C793C991-E8AD-4417-A31A-63B0A718EE82}.Release|Any CPU.ActiveCfg = Release|Any CPU
		{C793C991-E8AD-4417-A31A-63B0A718EE82}.Release|Any CPU.Build.0 = Release|Any CPU
		{A82718F2-684F-4844-81AA-9D4F111934EA}.Debug|Any CPU.ActiveCfg = Debug|Any CPU
		{A82718F2-684F-4844-81AA-9D4F111934EA}.Debug|Any CPU.Build.0 = Debug|Any CPU
		{A82718F2-684F-4844-81AA-9D4F111934EA}.Release|Any CPU.ActiveCfg = Release|Any CPU
		{A82718F2-684F-4844-81AA-9D4F111934EA}.Release|Any CPU.Build.0 = Release|Any CPU
	EndGlobalSection
	GlobalSection(SolutionProperties) = preSolution
		HideSolutionNode = FALSE
	EndGlobalSection
	GlobalSection(NestedProjects) = preSolution
		{D8F9B7E3-9FA4-4807-8732-9E804C0EF1FF} = {2D464A95-FC20-4C84-A87E-D1CC89AA0A66}
		{27E60013-5247-4E72-A499-A294AB886E08} = {2D464A95-FC20-4C84-A87E-D1CC89AA0A66}
		{6618C3B7-F297-498C-9D06-A82E36DE08A2} = {2D464A95-FC20-4C84-A87E-D1CC89AA0A66}
		{42A1C307-EF2E-40C7-9C0C-F924450CFD62} = {0AA8A04A-26BB-4617-80EC-2267FDDE9499}
		{C693E431-005D-4871-9121-D099D120167E} = {1A968A4E-C133-45E2-A097-9941C1D99D1A}
		{7319F5EA-4E28-4207-AC08-68404D82B717} = {1A968A4E-C133-45E2-A097-9941C1D99D1A}
		{6C7D2396-6E3F-4E8B-8AB7-22C24964A605} = {1A968A4E-C133-45E2-A097-9941C1D99D1A}
		{20A28063-514F-45A1-B7C9-FD039FC708F1} = {3D2FAAA2-0ABE-4469-AE2E-453A28B768A8}
		{18356781-732D-43B4-A356-007C466D1E68} = {3D2FAAA2-0ABE-4469-AE2E-453A28B768A8}
		{FD808A7E-E2A5-47C1-BDA9-7AE2AE12E0F2} = {3D2FAAA2-0ABE-4469-AE2E-453A28B768A8}
		{AC0BF570-087D-4E47-9ED9-AB8D46183228} = {7D296771-7553-4AD8-9A83-586A3CB1C657}
		{C793C991-E8AD-4417-A31A-63B0A718EE82} = {7D296771-7553-4AD8-9A83-586A3CB1C657}
		{A82718F2-684F-4844-81AA-9D4F111934EA} = {7D296771-7553-4AD8-9A83-586A3CB1C657}
	EndGlobalSection
	GlobalSection(ExtensibilityGlobals) = postSolution
		SolutionGuid = {51375E05-7402-45A1-8CB5-5334C74753B1}
	EndGlobalSection
EndGlobal
